
Microsoft Visual Studio Solution File, Format Version 12.00
# Visual Studio Version 17
VisualStudioVersion = 17.11.35222.181
MinimumVisualStudioVersion = 10.0.40219.1
Project("{FAE04EC0-301F-11D3-BF4B-00C04F79EFBC}") = "Classe", "Classe\Classe.csproj", "{97221E0D-90A5-4F8E-AA6C-ECCAEC857014}"
EndProject
Global
	GlobalSection(SolutionConfigurationPlatforms) = preSolution
		Debug|Any CPU = Debug|Any CPU
		Release|Any CPU = Release|Any CPU
	EndGlobalSection
	GlobalSection(ProjectConfigurationPlatforms) = postSolution
		{97221E0D-90A5-4F8E-AA6C-ECCAEC857014}.Debug|Any CPU.ActiveCfg = Debug|Any CPU
		{97221E0D-90A5-4F8E-AA6C-ECCAEC857014}.Debug|Any CPU.Build.0 = Debug|Any CPU
		{97221E0D-90A5-4F8E-AA6C-ECCAEC857014}.Release|Any CPU.ActiveCfg = Release|Any CPU
		{97221E0D-90A5-4F8E-AA6C-ECCAEC857014}.Release|Any CPU.Build.0 = Release|Any CPU
	EndGlobalSection
	GlobalSection(SolutionProperties) = preSolution
		HideSolutionNode = FALSE
	EndGlobalSection
	GlobalSection(ExtensibilityGlobals) = postSolution
		SolutionGuid = {8928D4F2-2597-401F-840D-447129E1EDA9}
	EndGlobalSection
EndGlobal
