
Microsoft Visual Studio Solution File, Format Version 12.00
# Visual Studio Version 17
VisualStudioVersion = 17.11.35222.181
MinimumVisualStudioVersion = 10.0.40219.1
Project("{FAE04EC0-301F-11D3-BF4B-00C04F79EFBC}") = "Tabuada", "Tabuada.csproj", "{CC502275-AD2A-40C9-9E47-131D761D65BD}"
EndProject
Global
	GlobalSection(SolutionConfigurationPlatforms) = preSolution
		Debug|Any CPU = Debug|Any CPU
		Release|Any CPU = Release|Any CPU
	EndGlobalSection
	GlobalSection(ProjectConfigurationPlatforms) = postSolution
		{CC502275-AD2A-40C9-9E47-131D761D65BD}.Debug|Any CPU.ActiveCfg = Debug|Any CPU
		{CC502275-AD2A-40C9-9E47-131D761D65BD}.Debug|Any CPU.Build.0 = Debug|Any CPU
		{CC502275-AD2A-40C9-9E47-131D761D65BD}.Release|Any CPU.ActiveCfg = Release|Any CPU
		{CC502275-AD2A-40C9-9E47-131D761D65BD}.Release|Any CPU.Build.0 = Release|Any CPU
	EndGlobalSection
	GlobalSection(SolutionProperties) = preSolution
		HideSolutionNode = FALSE
	EndGlobalSection
	GlobalSection(ExtensibilityGlobals) = postSolution
		SolutionGuid = {C9E95D16-C0C2-4E39-89ED-B6A7181743A4}
	EndGlobalSection
EndGlobal
